
Microsoft Visual Studio Solution File, Format Version 12.00
# Visual Studio 14
VisualStudioVersion = 14.0.23107.0
MinimumVisualStudioVersion = 10.0.40219.1
Project("{FAE04EC0-301F-11D3-BF4B-00C04F79EFBC}") = "Odey.Framework.Keeley.Entities", "Odey.Framework.Keeley.Entities\Odey.Framework.Keeley.Entities.csproj", "{28502C65-E9A8-4CB7-A6B5-8FBF51CE1524}"
EndProject
Project("{FAE04EC0-301F-11D3-BF4B-00C04F79EFBC}") = "Odey.Framework.Keeley.Entities.KeeleyModel", "Odey.Framework.Keeley.Entities.KeeleyModel\Odey.Framework.Keeley.Entities.KeeleyModel.csproj", "{8141F229-163A-4EDC-A9E8-CE47F3ACB47F}"
EndProject
Project("{FAE04EC0-301F-11D3-BF4B-00C04F79EFBC}") = "Odey.Framework.Keeley.Entities.KeeleyEntitiesTest", "Odey.Framework.Keeley.Entities.KeeleyEntitiesTest\Odey.Framework.Keeley.Entities.KeeleyEntitiesTest.csproj", "{6BE68481-CF6D-4B00-8153-92442A2CEAA5}"
EndProject
Project("{FAE04EC0-301F-11D3-BF4B-00C04F79EFBC}") = "Odey.Framework.Keeley.Entities.Enums", "Odey.Framework.Keeley.Entities.Enums\Odey.Framework.Keeley.Entities.Enums.csproj", "{F54CC7FA-D883-4B4C-9BE1-5554CF69110B}"
EndProject
Project("{FAE04EC0-301F-11D3-BF4B-00C04F79EFBC}") = "Odey.Framework.Keeley.Entities.Caches", "Odey.Framework.Keeley.Entities.Caches\Odey.Framework.Keeley.Entities.Caches.csproj", "{483E8F37-F9FB-4AD2-AE2E-A492ED9E77A6}"
EndProject
Project("{2150E333-8FDC-42A3-9474-1A3956D46DE8}") = ".nuget", ".nuget", "{F396C03B-EB50-4404-A015-7BF7D05D39CB}"
	ProjectSection(SolutionItems) = preProject
		.nuget\NuGet.Config = .nuget\NuGet.Config
		.nuget\NuGet.exe = .nuget\NuGet.exe
		.nuget\NuGet.targets = .nuget\NuGet.targets
	EndProjectSection
EndProject
Project("{FAE04EC0-301F-11D3-BF4B-00C04F79EFBC}") = "Odey.Framework.Keeley.Entities.EntityPropertyOverrides", "Odey.Framework.Keeley.Entities.EntityPropertyOverride\Odey.Framework.Keeley.Entities.EntityPropertyOverrides.csproj", "{365D0F1E-233D-4579-9A2D-29613F631244}"
EndProject
Global
	GlobalSection(SolutionConfigurationPlatforms) = preSolution
		Debug|Any CPU = Debug|Any CPU
		Debug|Mixed Platforms = Debug|Mixed Platforms
		Debug|x64 = Debug|x64
		Debug|x86 = Debug|x86
		Release|Any CPU = Release|Any CPU
		Release|Mixed Platforms = Release|Mixed Platforms
		Release|x64 = Release|x64
		Release|x86 = Release|x86
		ReleaseDebug|Any CPU = ReleaseDebug|Any CPU
		ReleaseDebug|Mixed Platforms = ReleaseDebug|Mixed Platforms
		ReleaseDebug|x64 = ReleaseDebug|x64
		ReleaseDebug|x86 = ReleaseDebug|x86
		UAT|Any CPU = UAT|Any CPU
		UAT|Mixed Platforms = UAT|Mixed Platforms
		UAT|x64 = UAT|x64
		UAT|x86 = UAT|x86
	EndGlobalSection
	GlobalSection(ProjectConfigurationPlatforms) = postSolution
		{28502C65-E9A8-4CB7-A6B5-8FBF51CE1524}.Debug|Any CPU.ActiveCfg = Debug|Any CPU
		{28502C65-E9A8-4CB7-A6B5-8FBF51CE1524}.Debug|Any CPU.Build.0 = Debug|Any CPU
		{28502C65-E9A8-4CB7-A6B5-8FBF51CE1524}.Debug|Mixed Platforms.ActiveCfg = Debug|Any CPU
		{28502C65-E9A8-4CB7-A6B5-8FBF51CE1524}.Debug|Mixed Platforms.Build.0 = Debug|Any CPU
		{28502C65-E9A8-4CB7-A6B5-8FBF51CE1524}.Debug|x64.ActiveCfg = Debug|Any CPU
		{28502C65-E9A8-4CB7-A6B5-8FBF51CE1524}.Debug|x86.ActiveCfg = Debug|Any CPU
		{28502C65-E9A8-4CB7-A6B5-8FBF51CE1524}.Release|Any CPU.ActiveCfg = Release|Any CPU
		{28502C65-E9A8-4CB7-A6B5-8FBF51CE1524}.Release|Any CPU.Build.0 = Release|Any CPU
		{28502C65-E9A8-4CB7-A6B5-8FBF51CE1524}.Release|Mixed Platforms.ActiveCfg = Release|Any CPU
		{28502C65-E9A8-4CB7-A6B5-8FBF51CE1524}.Release|Mixed Platforms.Build.0 = Release|Any CPU
		{28502C65-E9A8-4CB7-A6B5-8FBF51CE1524}.Release|x64.ActiveCfg = Release|Any CPU
		{28502C65-E9A8-4CB7-A6B5-8FBF51CE1524}.Release|x64.Build.0 = Release|Any CPU
		{28502C65-E9A8-4CB7-A6B5-8FBF51CE1524}.Release|x86.ActiveCfg = Release|Any CPU
		{28502C65-E9A8-4CB7-A6B5-8FBF51CE1524}.ReleaseDebug|Any CPU.ActiveCfg = ReleaseDebug|Any CPU
		{28502C65-E9A8-4CB7-A6B5-8FBF51CE1524}.ReleaseDebug|Any CPU.Build.0 = ReleaseDebug|Any CPU
		{28502C65-E9A8-4CB7-A6B5-8FBF51CE1524}.ReleaseDebug|Mixed Platforms.ActiveCfg = ReleaseDebug|Any CPU
		{28502C65-E9A8-4CB7-A6B5-8FBF51CE1524}.ReleaseDebug|Mixed Platforms.Build.0 = ReleaseDebug|Any CPU
		{28502C65-E9A8-4CB7-A6B5-8FBF51CE1524}.ReleaseDebug|x64.ActiveCfg = ReleaseDebug|Any CPU
		{28502C65-E9A8-4CB7-A6B5-8FBF51CE1524}.ReleaseDebug|x86.ActiveCfg = ReleaseDebug|Any CPU
		{28502C65-E9A8-4CB7-A6B5-8FBF51CE1524}.UAT|Any CPU.ActiveCfg = UAT|Any CPU
		{28502C65-E9A8-4CB7-A6B5-8FBF51CE1524}.UAT|Any CPU.Build.0 = UAT|Any CPU
		{28502C65-E9A8-4CB7-A6B5-8FBF51CE1524}.UAT|Mixed Platforms.ActiveCfg = UAT|Any CPU
		{28502C65-E9A8-4CB7-A6B5-8FBF51CE1524}.UAT|Mixed Platforms.Build.0 = UAT|Any CPU
		{28502C65-E9A8-4CB7-A6B5-8FBF51CE1524}.UAT|x64.ActiveCfg = UAT|Any CPU
		{28502C65-E9A8-4CB7-A6B5-8FBF51CE1524}.UAT|x86.ActiveCfg = UAT|Any CPU
		{8141F229-163A-4EDC-A9E8-CE47F3ACB47F}.Debug|Any CPU.ActiveCfg = Debug|Any CPU
		{8141F229-163A-4EDC-A9E8-CE47F3ACB47F}.Debug|Any CPU.Build.0 = Debug|Any CPU
		{8141F229-163A-4EDC-A9E8-CE47F3ACB47F}.Debug|Mixed Platforms.ActiveCfg = Debug|Any CPU
		{8141F229-163A-4EDC-A9E8-CE47F3ACB47F}.Debug|Mixed Platforms.Build.0 = Debug|Any CPU
		{8141F229-163A-4EDC-A9E8-CE47F3ACB47F}.Debug|x64.ActiveCfg = Debug|Any CPU
		{8141F229-163A-4EDC-A9E8-CE47F3ACB47F}.Debug|x86.ActiveCfg = Debug|Any CPU
		{8141F229-163A-4EDC-A9E8-CE47F3ACB47F}.Release|Any CPU.ActiveCfg = Release|Any CPU
		{8141F229-163A-4EDC-A9E8-CE47F3ACB47F}.Release|Any CPU.Build.0 = Release|Any CPU
		{8141F229-163A-4EDC-A9E8-CE47F3ACB47F}.Release|Mixed Platforms.ActiveCfg = Release|Any CPU
		{8141F229-163A-4EDC-A9E8-CE47F3ACB47F}.Release|Mixed Platforms.Build.0 = Release|Any CPU
		{8141F229-163A-4EDC-A9E8-CE47F3ACB47F}.Release|x64.ActiveCfg = Release|Any CPU
		{8141F229-163A-4EDC-A9E8-CE47F3ACB47F}.Release|x64.Build.0 = Release|Any CPU
		{8141F229-163A-4EDC-A9E8-CE47F3ACB47F}.Release|x86.ActiveCfg = Release|Any CPU
		{8141F229-163A-4EDC-A9E8-CE47F3ACB47F}.ReleaseDebug|Any CPU.ActiveCfg = ReleaseDebug|Any CPU
		{8141F229-163A-4EDC-A9E8-CE47F3ACB47F}.ReleaseDebug|Any CPU.Build.0 = ReleaseDebug|Any CPU
		{8141F229-163A-4EDC-A9E8-CE47F3ACB47F}.ReleaseDebug|Mixed Platforms.ActiveCfg = ReleaseDebug|Any CPU
		{8141F229-163A-4EDC-A9E8-CE47F3ACB47F}.ReleaseDebug|Mixed Platforms.Build.0 = ReleaseDebug|Any CPU
		{8141F229-163A-4EDC-A9E8-CE47F3ACB47F}.ReleaseDebug|x64.ActiveCfg = ReleaseDebug|Any CPU
		{8141F229-163A-4EDC-A9E8-CE47F3ACB47F}.ReleaseDebug|x86.ActiveCfg = ReleaseDebug|Any CPU
		{8141F229-163A-4EDC-A9E8-CE47F3ACB47F}.UAT|Any CPU.ActiveCfg = UAT|Any CPU
		{8141F229-163A-4EDC-A9E8-CE47F3ACB47F}.UAT|Any CPU.Build.0 = UAT|Any CPU
		{8141F229-163A-4EDC-A9E8-CE47F3ACB47F}.UAT|Mixed Platforms.ActiveCfg = UAT|Any CPU
		{8141F229-163A-4EDC-A9E8-CE47F3ACB47F}.UAT|Mixed Platforms.Build.0 = UAT|Any CPU
		{8141F229-163A-4EDC-A9E8-CE47F3ACB47F}.UAT|x64.ActiveCfg = UAT|Any CPU
		{8141F229-163A-4EDC-A9E8-CE47F3ACB47F}.UAT|x86.ActiveCfg = UAT|Any CPU
		{6BE68481-CF6D-4B00-8153-92442A2CEAA5}.Debug|Any CPU.ActiveCfg = Debug|Any CPU
		{6BE68481-CF6D-4B00-8153-92442A2CEAA5}.Debug|Any CPU.Build.0 = Debug|Any CPU
		{6BE68481-CF6D-4B00-8153-92442A2CEAA5}.Debug|Mixed Platforms.ActiveCfg = Debug|Any CPU
		{6BE68481-CF6D-4B00-8153-92442A2CEAA5}.Debug|Mixed Platforms.Build.0 = Debug|Any CPU
		{6BE68481-CF6D-4B00-8153-92442A2CEAA5}.Debug|x64.ActiveCfg = Debug|Any CPU
		{6BE68481-CF6D-4B00-8153-92442A2CEAA5}.Debug|x86.ActiveCfg = Debug|Any CPU
		{6BE68481-CF6D-4B00-8153-92442A2CEAA5}.Release|Any CPU.ActiveCfg = Release|Any CPU
		{6BE68481-CF6D-4B00-8153-92442A2CEAA5}.Release|Any CPU.Build.0 = Release|Any CPU
		{6BE68481-CF6D-4B00-8153-92442A2CEAA5}.Release|Mixed Platforms.ActiveCfg = Release|Any CPU
		{6BE68481-CF6D-4B00-8153-92442A2CEAA5}.Release|Mixed Platforms.Build.0 = Release|Any CPU
		{6BE68481-CF6D-4B00-8153-92442A2CEAA5}.Release|x64.ActiveCfg = Release|Any CPU
		{6BE68481-CF6D-4B00-8153-92442A2CEAA5}.Release|x86.ActiveCfg = Release|Any CPU
		{6BE68481-CF6D-4B00-8153-92442A2CEAA5}.ReleaseDebug|Any CPU.ActiveCfg = ReleaseDebug|Any CPU
		{6BE68481-CF6D-4B00-8153-92442A2CEAA5}.ReleaseDebug|Any CPU.Build.0 = ReleaseDebug|Any CPU
		{6BE68481-CF6D-4B00-8153-92442A2CEAA5}.ReleaseDebug|Mixed Platforms.ActiveCfg = ReleaseDebug|Any CPU
		{6BE68481-CF6D-4B00-8153-92442A2CEAA5}.ReleaseDebug|Mixed Platforms.Build.0 = ReleaseDebug|Any CPU
		{6BE68481-CF6D-4B00-8153-92442A2CEAA5}.ReleaseDebug|x64.ActiveCfg = ReleaseDebug|Any CPU
		{6BE68481-CF6D-4B00-8153-92442A2CEAA5}.ReleaseDebug|x86.ActiveCfg = ReleaseDebug|Any CPU
		{6BE68481-CF6D-4B00-8153-92442A2CEAA5}.UAT|Any CPU.ActiveCfg = UAT|Any CPU
		{6BE68481-CF6D-4B00-8153-92442A2CEAA5}.UAT|Any CPU.Build.0 = UAT|Any CPU
		{6BE68481-CF6D-4B00-8153-92442A2CEAA5}.UAT|Mixed Platforms.ActiveCfg = UAT|Any CPU
		{6BE68481-CF6D-4B00-8153-92442A2CEAA5}.UAT|Mixed Platforms.Build.0 = UAT|Any CPU
		{6BE68481-CF6D-4B00-8153-92442A2CEAA5}.UAT|x64.ActiveCfg = UAT|Any CPU
		{6BE68481-CF6D-4B00-8153-92442A2CEAA5}.UAT|x86.ActiveCfg = UAT|Any CPU
		{F54CC7FA-D883-4B4C-9BE1-5554CF69110B}.Debug|Any CPU.ActiveCfg = Debug|Any CPU
		{F54CC7FA-D883-4B4C-9BE1-5554CF69110B}.Debug|Any CPU.Build.0 = Debug|Any CPU
		{F54CC7FA-D883-4B4C-9BE1-5554CF69110B}.Debug|Mixed Platforms.ActiveCfg = Debug|Any CPU
		{F54CC7FA-D883-4B4C-9BE1-5554CF69110B}.Debug|Mixed Platforms.Build.0 = Debug|Any CPU
		{F54CC7FA-D883-4B4C-9BE1-5554CF69110B}.Debug|x64.ActiveCfg = Debug|Any CPU
		{F54CC7FA-D883-4B4C-9BE1-5554CF69110B}.Debug|x86.ActiveCfg = Debug|Any CPU
		{F54CC7FA-D883-4B4C-9BE1-5554CF69110B}.Release|Any CPU.ActiveCfg = Release|Any CPU
		{F54CC7FA-D883-4B4C-9BE1-5554CF69110B}.Release|Any CPU.Build.0 = Release|Any CPU
		{F54CC7FA-D883-4B4C-9BE1-5554CF69110B}.Release|Mixed Platforms.ActiveCfg = Release|Any CPU
		{F54CC7FA-D883-4B4C-9BE1-5554CF69110B}.Release|Mixed Platforms.Build.0 = Release|Any CPU
		{F54CC7FA-D883-4B4C-9BE1-5554CF69110B}.Release|x64.ActiveCfg = Release|Any CPU
		{F54CC7FA-D883-4B4C-9BE1-5554CF69110B}.Release|x86.ActiveCfg = Release|Any CPU
		{F54CC7FA-D883-4B4C-9BE1-5554CF69110B}.ReleaseDebug|Any CPU.ActiveCfg = ReleaseDebug|Any CPU
		{F54CC7FA-D883-4B4C-9BE1-5554CF69110B}.ReleaseDebug|Any CPU.Build.0 = ReleaseDebug|Any CPU
		{F54CC7FA-D883-4B4C-9BE1-5554CF69110B}.ReleaseDebug|Mixed Platforms.ActiveCfg = ReleaseDebug|Any CPU
		{F54CC7FA-D883-4B4C-9BE1-5554CF69110B}.ReleaseDebug|Mixed Platforms.Build.0 = ReleaseDebug|Any CPU
		{F54CC7FA-D883-4B4C-9BE1-5554CF69110B}.ReleaseDebug|x64.ActiveCfg = ReleaseDebug|Any CPU
		{F54CC7FA-D883-4B4C-9BE1-5554CF69110B}.ReleaseDebug|x86.ActiveCfg = ReleaseDebug|Any CPU
		{F54CC7FA-D883-4B4C-9BE1-5554CF69110B}.UAT|Any CPU.ActiveCfg = UAT|Any CPU
		{F54CC7FA-D883-4B4C-9BE1-5554CF69110B}.UAT|Any CPU.Build.0 = UAT|Any CPU
		{F54CC7FA-D883-4B4C-9BE1-5554CF69110B}.UAT|Mixed Platforms.ActiveCfg = UAT|Any CPU
		{F54CC7FA-D883-4B4C-9BE1-5554CF69110B}.UAT|Mixed Platforms.Build.0 = UAT|Any CPU
		{F54CC7FA-D883-4B4C-9BE1-5554CF69110B}.UAT|x64.ActiveCfg = UAT|Any CPU
		{F54CC7FA-D883-4B4C-9BE1-5554CF69110B}.UAT|x86.ActiveCfg = UAT|Any CPU
		{483E8F37-F9FB-4AD2-AE2E-A492ED9E77A6}.Debug|Any CPU.ActiveCfg = Debug|Any CPU
		{483E8F37-F9FB-4AD2-AE2E-A492ED9E77A6}.Debug|Any CPU.Build.0 = Debug|Any CPU
		{483E8F37-F9FB-4AD2-AE2E-A492ED9E77A6}.Debug|Mixed Platforms.ActiveCfg = Debug|Any CPU
		{483E8F37-F9FB-4AD2-AE2E-A492ED9E77A6}.Debug|Mixed Platforms.Build.0 = Debug|Any CPU
		{483E8F37-F9FB-4AD2-AE2E-A492ED9E77A6}.Debug|x64.ActiveCfg = Debug|Any CPU
		{483E8F37-F9FB-4AD2-AE2E-A492ED9E77A6}.Debug|x86.ActiveCfg = Debug|Any CPU
		{483E8F37-F9FB-4AD2-AE2E-A492ED9E77A6}.Release|Any CPU.ActiveCfg = Release|Any CPU
		{483E8F37-F9FB-4AD2-AE2E-A492ED9E77A6}.Release|Any CPU.Build.0 = Release|Any CPU
		{483E8F37-F9FB-4AD2-AE2E-A492ED9E77A6}.Release|Mixed Platforms.ActiveCfg = Release|Any CPU
		{483E8F37-F9FB-4AD2-AE2E-A492ED9E77A6}.Release|Mixed Platforms.Build.0 = Release|Any CPU
		{483E8F37-F9FB-4AD2-AE2E-A492ED9E77A6}.Release|x64.ActiveCfg = Release|Any CPU
		{483E8F37-F9FB-4AD2-AE2E-A492ED9E77A6}.Release|x86.ActiveCfg = Release|Any CPU
		{483E8F37-F9FB-4AD2-AE2E-A492ED9E77A6}.ReleaseDebug|Any CPU.ActiveCfg = ReleaseDebug|Any CPU
		{483E8F37-F9FB-4AD2-AE2E-A492ED9E77A6}.ReleaseDebug|Any CPU.Build.0 = ReleaseDebug|Any CPU
		{483E8F37-F9FB-4AD2-AE2E-A492ED9E77A6}.ReleaseDebug|Mixed Platforms.ActiveCfg = ReleaseDebug|Any CPU
		{483E8F37-F9FB-4AD2-AE2E-A492ED9E77A6}.ReleaseDebug|Mixed Platforms.Build.0 = ReleaseDebug|Any CPU
		{483E8F37-F9FB-4AD2-AE2E-A492ED9E77A6}.ReleaseDebug|x64.ActiveCfg = ReleaseDebug|Any CPU
		{483E8F37-F9FB-4AD2-AE2E-A492ED9E77A6}.ReleaseDebug|x86.ActiveCfg = ReleaseDebug|Any CPU
		{483E8F37-F9FB-4AD2-AE2E-A492ED9E77A6}.UAT|Any CPU.ActiveCfg = UAT|Any CPU
		{483E8F37-F9FB-4AD2-AE2E-A492ED9E77A6}.UAT|Any CPU.Build.0 = UAT|Any CPU
		{483E8F37-F9FB-4AD2-AE2E-A492ED9E77A6}.UAT|Mixed Platforms.ActiveCfg = UAT|Any CPU
		{483E8F37-F9FB-4AD2-AE2E-A492ED9E77A6}.UAT|Mixed Platforms.Build.0 = UAT|Any CPU
		{483E8F37-F9FB-4AD2-AE2E-A492ED9E77A6}.UAT|x64.ActiveCfg = UAT|Any CPU
		{483E8F37-F9FB-4AD2-AE2E-A492ED9E77A6}.UAT|x86.ActiveCfg = UAT|Any CPU
		{365D0F1E-233D-4579-9A2D-29613F631244}.Debug|Any CPU.ActiveCfg = Debug|Any CPU
		{365D0F1E-233D-4579-9A2D-29613F631244}.Debug|Any CPU.Build.0 = Debug|Any CPU
		{365D0F1E-233D-4579-9A2D-29613F631244}.Debug|Mixed Platforms.ActiveCfg = Debug|Any CPU
		{365D0F1E-233D-4579-9A2D-29613F631244}.Debug|Mixed Platforms.Build.0 = Debug|Any CPU
		{365D0F1E-233D-4579-9A2D-29613F631244}.Debug|x64.ActiveCfg = Debug|Any CPU
		{365D0F1E-233D-4579-9A2D-29613F631244}.Debug|x86.ActiveCfg = Debug|Any CPU
		{365D0F1E-233D-4579-9A2D-29613F631244}.Release|Any CPU.ActiveCfg = Release|Any CPU
		{365D0F1E-233D-4579-9A2D-29613F631244}.Release|Any CPU.Build.0 = Release|Any CPU
		{365D0F1E-233D-4579-9A2D-29613F631244}.Release|Mixed Platforms.ActiveCfg = Release|Any CPU
		{365D0F1E-233D-4579-9A2D-29613F631244}.Release|Mixed Platforms.Build.0 = Release|Any CPU
		{365D0F1E-233D-4579-9A2D-29613F631244}.Release|x64.ActiveCfg = Release|Any CPU
		{365D0F1E-233D-4579-9A2D-29613F631244}.Release|x86.ActiveCfg = Release|Any CPU
		{365D0F1E-233D-4579-9A2D-29613F631244}.ReleaseDebug|Any CPU.ActiveCfg = Release|Any CPU
		{365D0F1E-233D-4579-9A2D-29613F631244}.ReleaseDebug|Any CPU.Build.0 = Release|Any CPU
		{365D0F1E-233D-4579-9A2D-29613F631244}.ReleaseDebug|Mixed Platforms.ActiveCfg = ReleaseDebug|Any CPU
		{365D0F1E-233D-4579-9A2D-29613F631244}.ReleaseDebug|Mixed Platforms.Build.0 = ReleaseDebug|Any CPU
		{365D0F1E-233D-4579-9A2D-29613F631244}.ReleaseDebug|x64.ActiveCfg = Release|Any CPU
		{365D0F1E-233D-4579-9A2D-29613F631244}.ReleaseDebug|x86.ActiveCfg = Release|Any CPU
		{365D0F1E-233D-4579-9A2D-29613F631244}.UAT|Any CPU.ActiveCfg = Release|Any CPU
		{365D0F1E-233D-4579-9A2D-29613F631244}.UAT|Any CPU.Build.0 = Release|Any CPU
		{365D0F1E-233D-4579-9A2D-29613F631244}.UAT|Mixed Platforms.ActiveCfg = Release|Any CPU
		{365D0F1E-233D-4579-9A2D-29613F631244}.UAT|Mixed Platforms.Build.0 = Release|Any CPU
		{365D0F1E-233D-4579-9A2D-29613F631244}.UAT|x64.ActiveCfg = Release|Any CPU
		{365D0F1E-233D-4579-9A2D-29613F631244}.UAT|x86.ActiveCfg = Release|Any CPU
	EndGlobalSection
	GlobalSection(SolutionProperties) = preSolution
		HideSolutionNode = FALSE
	EndGlobalSection
	GlobalSection(ExtensibilityGlobals) = postSolution
		VisualSVNWorkingCopyRoot = .
	EndGlobalSection
EndGlobal
